
Microsoft Visual Studio Solution File, Format Version 12.00
# Visual Studio Version 17
VisualStudioVersion = 17.7.34024.191
MinimumVisualStudioVersion = 10.0.40219.1
Project("{FAE04EC0-301F-11D3-BF4B-00C04F79EFBC}") = "Triathlon", "Triathlon.csproj", "{BBAF1D34-CD14-4A38-A1EB-81F561D78F21}"
EndProject
Global
	GlobalSection(SolutionConfigurationPlatforms) = preSolution
		Debug|Any CPU = Debug|Any CPU
		Release|Any CPU = Release|Any CPU
	EndGlobalSection
	GlobalSection(ProjectConfigurationPlatforms) = postSolution
		{BBAF1D34-CD14-4A38-A1EB-81F561D78F21}.Debug|Any CPU.ActiveCfg = Debug|Any CPU
		{BBAF1D34-CD14-4A38-A1EB-81F561D78F21}.Debug|Any CPU.Build.0 = Debug|Any CPU
		{BBAF1D34-CD14-4A38-A1EB-81F561D78F21}.Release|Any CPU.ActiveCfg = Release|Any CPU
		{BBAF1D34-CD14-4A38-A1EB-81F561D78F21}.Release|Any CPU.Build.0 = Release|Any CPU
	EndGlobalSection
	GlobalSection(SolutionProperties) = preSolution
		HideSolutionNode = FALSE
	EndGlobalSection
	GlobalSection(ExtensibilityGlobals) = postSolution
		SolutionGuid = {2D6F148D-3082-440C-B2F8-B7811D0FEED3}
	EndGlobalSection
EndGlobal
